
Microsoft Visual Studio Solution File, Format Version 12.00
# Visual Studio Version 16
VisualStudioVersion = 16.0.32510.428
MinimumVisualStudioVersion = 10.0.40219.1
Project("{9A19103F-16F7-4668-BE54-9A1E7A4F7556}") = "toyshop", "toyshop\toyshop.csproj", "{CD3C44BD-361D-427A-982A-54E6F7F42C8B}"
EndProject
Global
	GlobalSection(SolutionConfigurationPlatforms) = preSolution
		Debug|Any CPU = Debug|Any CPU
		Release|Any CPU = Release|Any CPU
	EndGlobalSection
	GlobalSection(ProjectConfigurationPlatforms) = postSolution
		{CD3C44BD-361D-427A-982A-54E6F7F42C8B}.Debug|Any CPU.ActiveCfg = Debug|Any CPU
		{CD3C44BD-361D-427A-982A-54E6F7F42C8B}.Debug|Any CPU.Build.0 = Debug|Any CPU
		{CD3C44BD-361D-427A-982A-54E6F7F42C8B}.Release|Any CPU.ActiveCfg = Release|Any CPU
		{CD3C44BD-361D-427A-982A-54E6F7F42C8B}.Release|Any CPU.Build.0 = Release|Any CPU
	EndGlobalSection
	GlobalSection(SolutionProperties) = preSolution
		HideSolutionNode = FALSE
	EndGlobalSection
	GlobalSection(ExtensibilityGlobals) = postSolution
		SolutionGuid = {14C5801E-7B2F-45C0-A52B-AD6B09924A2E}
	EndGlobalSection
EndGlobal
